
Microsoft Visual Studio Solution File, Format Version 12.00
# Visual Studio Version 17
VisualStudioVersion = 17.13.35931.197
MinimumVisualStudioVersion = 10.0.40219.1
Project("{FAE04EC0-301F-11D3-BF4B-00C04F79EFBC}") = "BookStore", "BookStore\BookStore.csproj", "{98813E2B-8E74-41FE-956F-D5E23D1C67B1}"
EndProject
Project("{FAE04EC0-301F-11D3-BF4B-00C04F79EFBC}") = "RepositoryLayer", "RepositoryLayer\RepositoryLayer.csproj", "{DAA35AC4-3CDD-4AB7-9F38-BAC6768EC5EF}"
EndProject
Project("{FAE04EC0-301F-11D3-BF4B-00C04F79EFBC}") = "ManagerLayer", "ManagerLayer\ManagerLayer.csproj", "{32178FBD-7B0A-4E78-AE5A-830B0890B15C}"
EndProject
Global
	GlobalSection(SolutionConfigurationPlatforms) = preSolution
		Debug|Any CPU = Debug|Any CPU
		Release|Any CPU = Release|Any CPU
	EndGlobalSection
	GlobalSection(ProjectConfigurationPlatforms) = postSolution
		{98813E2B-8E74-41FE-956F-D5E23D1C67B1}.Debug|Any CPU.ActiveCfg = Debug|Any CPU
		{98813E2B-8E74-41FE-956F-D5E23D1C67B1}.Debug|Any CPU.Build.0 = Debug|Any CPU
		{98813E2B-8E74-41FE-956F-D5E23D1C67B1}.Release|Any CPU.ActiveCfg = Release|Any CPU
		{98813E2B-8E74-41FE-956F-D5E23D1C67B1}.Release|Any CPU.Build.0 = Release|Any CPU
		{DAA35AC4-3CDD-4AB7-9F38-BAC6768EC5EF}.Debug|Any CPU.ActiveCfg = Debug|Any CPU
		{DAA35AC4-3CDD-4AB7-9F38-BAC6768EC5EF}.Debug|Any CPU.Build.0 = Debug|Any CPU
		{DAA35AC4-3CDD-4AB7-9F38-BAC6768EC5EF}.Release|Any CPU.ActiveCfg = Release|Any CPU
		{DAA35AC4-3CDD-4AB7-9F38-BAC6768EC5EF}.Release|Any CPU.Build.0 = Release|Any CPU
		{32178FBD-7B0A-4E78-AE5A-830B0890B15C}.Debug|Any CPU.ActiveCfg = Debug|Any CPU
		{32178FBD-7B0A-4E78-AE5A-830B0890B15C}.Debug|Any CPU.Build.0 = Debug|Any CPU
		{32178FBD-7B0A-4E78-AE5A-830B0890B15C}.Release|Any CPU.ActiveCfg = Release|Any CPU
		{32178FBD-7B0A-4E78-AE5A-830B0890B15C}.Release|Any CPU.Build.0 = Release|Any CPU
	EndGlobalSection
	GlobalSection(SolutionProperties) = preSolution
		HideSolutionNode = FALSE
	EndGlobalSection
	GlobalSection(ExtensibilityGlobals) = postSolution
		SolutionGuid = {5E0F38D7-F2DF-40EA-93DC-4E446C1B17B3}
	EndGlobalSection
EndGlobal
